
Microsoft Visual Studio Solution File, Format Version 12.00
# Visual Studio Version 17
VisualStudioVersion = 17.9.34310.174
MinimumVisualStudioVersion = 10.0.40219.1
Project("{9A19103F-16F7-4668-BE54-9A1E7A4F7556}") = "2023", "2023\2023.csproj", "{55A1F72C-37C1-4279-9DE8-BA0B74B5B66B}"
EndProject
Project("{9A19103F-16F7-4668-BE54-9A1E7A4F7556}") = "2023.Tests", "2023.Tests\2023.Tests.csproj", "{AA93D736-B1ED-405E-B612-19E2976E62C7}"
EndProject
Global
	GlobalSection(SolutionConfigurationPlatforms) = preSolution
		Debug|Any CPU = Debug|Any CPU
		Release|Any CPU = Release|Any CPU
	EndGlobalSection
	GlobalSection(ProjectConfigurationPlatforms) = postSolution
		{55A1F72C-37C1-4279-9DE8-BA0B74B5B66B}.Debug|Any CPU.ActiveCfg = Debug|Any CPU
		{55A1F72C-37C1-4279-9DE8-BA0B74B5B66B}.Debug|Any CPU.Build.0 = Debug|Any CPU
		{55A1F72C-37C1-4279-9DE8-BA0B74B5B66B}.Release|Any CPU.ActiveCfg = Release|Any CPU
		{55A1F72C-37C1-4279-9DE8-BA0B74B5B66B}.Release|Any CPU.Build.0 = Release|Any CPU
		{AA93D736-B1ED-405E-B612-19E2976E62C7}.Debug|Any CPU.ActiveCfg = Debug|Any CPU
		{AA93D736-B1ED-405E-B612-19E2976E62C7}.Debug|Any CPU.Build.0 = Debug|Any CPU
		{AA93D736-B1ED-405E-B612-19E2976E62C7}.Release|Any CPU.ActiveCfg = Release|Any CPU
		{AA93D736-B1ED-405E-B612-19E2976E62C7}.Release|Any CPU.Build.0 = Release|Any CPU
	EndGlobalSection
	GlobalSection(SolutionProperties) = preSolution
		HideSolutionNode = FALSE
	EndGlobalSection
	GlobalSection(ExtensibilityGlobals) = postSolution
		SolutionGuid = {F92EB03E-80B2-46AE-88C3-44FEBA5178AE}
	EndGlobalSection
EndGlobal
