
Microsoft Visual Studio Solution File, Format Version 12.00
# Visual Studio Version 17
VisualStudioVersion = 17.9.34310.174
MinimumVisualStudioVersion = 10.0.40219.1
Project("{9A19103F-16F7-4668-BE54-9A1E7A4F7556}") = "2017", "2017\2017.csproj", "{05FE3D7C-1D5C-43D7-92B4-89BB8951AEC3}"
EndProject
Project("{9A19103F-16F7-4668-BE54-9A1E7A4F7556}") = "2017.Tests", "2017.Tests\2017.Tests.csproj", "{0156B997-05EB-4CC5-BD58-A6724F063457}"
EndProject
Project("{9A19103F-16F7-4668-BE54-9A1E7A4F7556}") = "AoC.Shared", "..\..\Shared\AoC.Shared\AoC.Shared.csproj", "{258E4125-0CB5-4B9E-8405-7E4EB33012E0}"
EndProject
Global
	GlobalSection(SolutionConfigurationPlatforms) = preSolution
		Debug|Any CPU = Debug|Any CPU
		Release|Any CPU = Release|Any CPU
	EndGlobalSection
	GlobalSection(ProjectConfigurationPlatforms) = postSolution
		{05FE3D7C-1D5C-43D7-92B4-89BB8951AEC3}.Debug|Any CPU.ActiveCfg = Debug|Any CPU
		{05FE3D7C-1D5C-43D7-92B4-89BB8951AEC3}.Debug|Any CPU.Build.0 = Debug|Any CPU
		{05FE3D7C-1D5C-43D7-92B4-89BB8951AEC3}.Release|Any CPU.ActiveCfg = Release|Any CPU
		{05FE3D7C-1D5C-43D7-92B4-89BB8951AEC3}.Release|Any CPU.Build.0 = Release|Any CPU
		{0156B997-05EB-4CC5-BD58-A6724F063457}.Debug|Any CPU.ActiveCfg = Debug|Any CPU
		{0156B997-05EB-4CC5-BD58-A6724F063457}.Debug|Any CPU.Build.0 = Debug|Any CPU
		{0156B997-05EB-4CC5-BD58-A6724F063457}.Release|Any CPU.ActiveCfg = Release|Any CPU
		{0156B997-05EB-4CC5-BD58-A6724F063457}.Release|Any CPU.Build.0 = Release|Any CPU
		{258E4125-0CB5-4B9E-8405-7E4EB33012E0}.Debug|Any CPU.ActiveCfg = Debug|Any CPU
		{258E4125-0CB5-4B9E-8405-7E4EB33012E0}.Debug|Any CPU.Build.0 = Debug|Any CPU
		{258E4125-0CB5-4B9E-8405-7E4EB33012E0}.Release|Any CPU.ActiveCfg = Release|Any CPU
		{258E4125-0CB5-4B9E-8405-7E4EB33012E0}.Release|Any CPU.Build.0 = Release|Any CPU
	EndGlobalSection
	GlobalSection(SolutionProperties) = preSolution
		HideSolutionNode = FALSE
	EndGlobalSection
	GlobalSection(ExtensibilityGlobals) = postSolution
		SolutionGuid = {84E5D4EF-8E55-4386-BC01-0D32B2A3D196}
	EndGlobalSection
EndGlobal
